
Microsoft Visual Studio Solution File, Format Version 12.00
# Visual Studio Version 17
VisualStudioVersion = 17.9.34607.119
MinimumVisualStudioVersion = 10.0.40219.1
Project("{9A19103F-16F7-4668-BE54-9A1E7A4F7556}") = "Route.C41.G02.PL", "Route.C41.G01.PL\Route.C41.G02.PL.csproj", "{1394025F-2A97-433B-B1CB-8584BDD51C5B}"
EndProject
Project("{FAE04EC0-301F-11D3-BF4B-00C04F79EFBC}") = "Route.C41.G02.DAL", "Route.C41.G02.DAL\Route.C41.G02.DAL.csproj", "{97410DB2-8D9D-44CA-8DB6-7BDB9035BFF0}"
EndProject
Project("{FAE04EC0-301F-11D3-BF4B-00C04F79EFBC}") = "Route.C41.G02.BLL", "Route.C41.G02.BLL\Route.C41.G02.BLL.csproj", "{9D617775-136D-43A0-89A1-823A56F3ED74}"
EndProject
Global
	GlobalSection(SolutionConfigurationPlatforms) = preSolution
		Debug|Any CPU = Debug|Any CPU
		Release|Any CPU = Release|Any CPU
	EndGlobalSection
	GlobalSection(ProjectConfigurationPlatforms) = postSolution
		{1394025F-2A97-433B-B1CB-8584BDD51C5B}.Debug|Any CPU.ActiveCfg = Debug|Any CPU
		{1394025F-2A97-433B-B1CB-8584BDD51C5B}.Debug|Any CPU.Build.0 = Debug|Any CPU
		{1394025F-2A97-433B-B1CB-8584BDD51C5B}.Release|Any CPU.ActiveCfg = Release|Any CPU
		{1394025F-2A97-433B-B1CB-8584BDD51C5B}.Release|Any CPU.Build.0 = Release|Any CPU
		{97410DB2-8D9D-44CA-8DB6-7BDB9035BFF0}.Debug|Any CPU.ActiveCfg = Debug|Any CPU
		{97410DB2-8D9D-44CA-8DB6-7BDB9035BFF0}.Debug|Any CPU.Build.0 = Debug|Any CPU
		{97410DB2-8D9D-44CA-8DB6-7BDB9035BFF0}.Release|Any CPU.ActiveCfg = Release|Any CPU
		{97410DB2-8D9D-44CA-8DB6-7BDB9035BFF0}.Release|Any CPU.Build.0 = Release|Any CPU
		{9D617775-136D-43A0-89A1-823A56F3ED74}.Debug|Any CPU.ActiveCfg = Debug|Any CPU
		{9D617775-136D-43A0-89A1-823A56F3ED74}.Debug|Any CPU.Build.0 = Debug|Any CPU
		{9D617775-136D-43A0-89A1-823A56F3ED74}.Release|Any CPU.ActiveCfg = Release|Any CPU
		{9D617775-136D-43A0-89A1-823A56F3ED74}.Release|Any CPU.Build.0 = Release|Any CPU
	EndGlobalSection
	GlobalSection(SolutionProperties) = preSolution
		HideSolutionNode = FALSE
	EndGlobalSection
	GlobalSection(ExtensibilityGlobals) = postSolution
		SolutionGuid = {54D4B0CD-6712-42BE-9562-5F4799314F9A}
	EndGlobalSection
EndGlobal
